
Microsoft Visual Studio Solution File, Format Version 11.00
# Visual Studio 2010
Project("{8BC9CEB8-8B4A-11D0-8D11-00A0C91BC942}") = "project-dante", "project-dante.vcxproj", "{73CCE748-AA78-4952-0ECF-37A02D34A143}"
EndProject
Global
	GlobalSection(SolutionConfigurationPlatforms) = preSolution
		Debug|Win32 = Debug|Win32
		Release|Win32 = Release|Win32
	EndGlobalSection
	GlobalSection(ProjectConfigurationPlatforms) = postSolution
		{73CCE748-AA78-4952-0ECF-37A02D34A143}.Debug|Win32.ActiveCfg = Debug|Win32
		{73CCE748-AA78-4952-0ECF-37A02D34A143}.Debug|Win32.Build.0 = Debug|Win32
		{73CCE748-AA78-4952-0ECF-37A02D34A143}.Release|Win32.ActiveCfg = Release|Win32
		{73CCE748-AA78-4952-0ECF-37A02D34A143}.Release|Win32.Build.0 = Release|Win32
	EndGlobalSection
	GlobalSection(SolutionProperties) = preSolution
		HideSolutionNode = FALSE
	EndGlobalSection
EndGlobal
